// !$*UTF8*$!
{
	archiveVersion = 1;
	classes = {
	};
	objectVersion = 56;
	objects = {

/* Begin PBXBuildFile section */
		CAAB5F45293F0DC900186EE7 /* main.swift in Sources */ = {isa = PBXBuildFile; fileRef = CAAB5F44293F0DC900186EE7 /* main.swift */; };
		CAAB5F4C293F0DDB00186EE7 /* Client.swift in Sources */ = {isa = PBXBuildFile; fileRef = CAAB5F4B293F0DDB00186EE7 /* Client.swift */; };
		CAAB5F4E293F175400186EE7 /* Client-Exception.swift in Sources */ = {isa = PBXBuildFile; fileRef = CAAB5F4D293F175400186EE7 /* Client-Exception.swift */; };
		CAAB5F50293F1A9D00186EE7 /* Account-Schema.swift in Sources */ = {isa = PBXBuildFile; fileRef = CAAB5F4F293F1A9D00186EE7 /* Account-Schema.swift */; };
		CAAB5F53293F20D800186EE7 /* Debit-Account.swift in Sources */ = {isa = PBXBuildFile; fileRef = CAAB5F52293F20D800186EE7 /* Debit-Account.swift */; };
		CAAB5F55293F220600186EE7 /* Account Exception.swift in Sources */ = {isa = PBXBuildFile; fileRef = CAAB5F54293F220600186EE7 /* Account Exception.swift */; };
		CAAB5F57293F26BC00186EE7 /* Deposit-Account.swift in Sources */ = {isa = PBXBuildFile; fileRef = CAAB5F56293F26BC00186EE7 /* Deposit-Account.swift */; };
		CAAB5F59293F2ABB00186EE7 /* Credit-Account.swift in Sources */ = {isa = PBXBuildFile; fileRef = CAAB5F58293F2ABB00186EE7 /* Credit-Account.swift */; };
		CAAB5F5C293F2D3700186EE7 /* Bank-Schema.swift in Sources */ = {isa = PBXBuildFile; fileRef = CAAB5F5B293F2D3700186EE7 /* Bank-Schema.swift */; };
		CAAB5F5E293F3CEA00186EE7 /* Bank-Model.swift in Sources */ = {isa = PBXBuildFile; fileRef = CAAB5F5D293F3CEA00186EE7 /* Bank-Model.swift */; };
		CAAB5F60293F5DAD00186EE7 /* Bank-Exception.swift in Sources */ = {isa = PBXBuildFile; fileRef = CAAB5F5F293F5DAD00186EE7 /* Bank-Exception.swift */; };
/* End PBXBuildFile section */

/* Begin PBXCopyFilesBuildPhase section */
		CAAB5F3F293F0DC900186EE7 /* CopyFiles */ = {
			isa = PBXCopyFilesBuildPhase;
			buildActionMask = 2147483647;
			dstPath = /usr/share/man/man1/;
			dstSubfolderSpec = 0;
			files = (
			);
			runOnlyForDeploymentPostprocessing = 1;
		};
/* End PBXCopyFilesBuildPhase section */

/* Begin PBXFileReference section */
		CAAB5F41293F0DC900186EE7 /* arch-bank */ = {isa = PBXFileReference; explicitFileType = "compiled.mach-o.executable"; includeInIndex = 0; path = "arch-bank"; sourceTree = BUILT_PRODUCTS_DIR; };
		CAAB5F44293F0DC900186EE7 /* main.swift */ = {isa = PBXFileReference; lastKnownFileType = sourcecode.swift; path = main.swift; sourceTree = "<group>"; };
		CAAB5F4B293F0DDB00186EE7 /* Client.swift */ = {isa = PBXFileReference; lastKnownFileType = sourcecode.swift; path = Client.swift; sourceTree = "<group>"; };
		CAAB5F4D293F175400186EE7 /* Client-Exception.swift */ = {isa = PBXFileReference; lastKnownFileType = sourcecode.swift; path = "Client-Exception.swift"; sourceTree = "<group>"; };
		CAAB5F4F293F1A9D00186EE7 /* Account-Schema.swift */ = {isa = PBXFileReference; lastKnownFileType = sourcecode.swift; path = "Account-Schema.swift"; sourceTree = "<group>"; };
		CAAB5F52293F20D800186EE7 /* Debit-Account.swift */ = {isa = PBXFileReference; lastKnownFileType = sourcecode.swift; path = "Debit-Account.swift"; sourceTree = "<group>"; };
		CAAB5F54293F220600186EE7 /* Account Exception.swift */ = {isa = PBXFileReference; lastKnownFileType = sourcecode.swift; path = "Account Exception.swift"; sourceTree = "<group>"; };
		CAAB5F56293F26BC00186EE7 /* Deposit-Account.swift */ = {isa = PBXFileReference; lastKnownFileType = sourcecode.swift; path = "Deposit-Account.swift"; sourceTree = "<group>"; };
		CAAB5F58293F2ABB00186EE7 /* Credit-Account.swift */ = {isa = PBXFileReference; lastKnownFileType = sourcecode.swift; path = "Credit-Account.swift"; sourceTree = "<group>"; };
		CAAB5F5B293F2D3700186EE7 /* Bank-Schema.swift */ = {isa = PBXFileReference; lastKnownFileType = sourcecode.swift; path = "Bank-Schema.swift"; sourceTree = "<group>"; };
		CAAB5F5D293F3CEA00186EE7 /* Bank-Model.swift */ = {isa = PBXFileReference; lastKnownFileType = sourcecode.swift; path = "Bank-Model.swift"; sourceTree = "<group>"; };
		CAAB5F5F293F5DAD00186EE7 /* Bank-Exception.swift */ = {isa = PBXFileReference; lastKnownFileType = sourcecode.swift; path = "Bank-Exception.swift"; sourceTree = "<group>"; };
/* End PBXFileReference section */

/* Begin PBXFrameworksBuildPhase section */
		CAAB5F3E293F0DC900186EE7 /* Frameworks */ = {
			isa = PBXFrameworksBuildPhase;
			buildActionMask = 2147483647;
			files = (
			);
			runOnlyForDeploymentPostprocessing = 0;
		};
/* End PBXFrameworksBuildPhase section */

/* Begin PBXGroup section */
		CAAB5F38293F0DC900186EE7 = {
			isa = PBXGroup;
			children = (
				CAAB5F43293F0DC900186EE7 /* arch-bank */,
				CAAB5F42293F0DC900186EE7 /* Products */,
			);
			sourceTree = "<group>";
		};
		CAAB5F42293F0DC900186EE7 /* Products */ = {
			isa = PBXGroup;
			children = (
				CAAB5F41293F0DC900186EE7 /* arch-bank */,
			);
			name = Products;
			sourceTree = "<group>";
		};
		CAAB5F43293F0DC900186EE7 /* arch-bank */ = {
			isa = PBXGroup;
			children = (
				CAAB5F44293F0DC900186EE7 /* main.swift */,
				CAAB5F61293FBA5700186EE7 /* Bank */,
				CAAB5F5A293F2D1300186EE7 /* Accounts */,
				CAAB5F51293F1C6D00186EE7 /* Clients */,
			);
			path = "arch-bank";
			sourceTree = "<group>";
		};
		CAAB5F51293F1C6D00186EE7 /* Clients */ = {
			isa = PBXGroup;
			children = (
				CAAB5F4B293F0DDB00186EE7 /* Client.swift */,
				CAAB5F4D293F175400186EE7 /* Client-Exception.swift */,
			);
			path = Clients;
			sourceTree = "<group>";
		};
		CAAB5F5A293F2D1300186EE7 /* Accounts */ = {
			isa = PBXGroup;
			children = (
				CAAB5F4F293F1A9D00186EE7 /* Account-Schema.swift */,
				CAAB5F52293F20D800186EE7 /* Debit-Account.swift */,
				CAAB5F56293F26BC00186EE7 /* Deposit-Account.swift */,
				CAAB5F58293F2ABB00186EE7 /* Credit-Account.swift */,
				CAAB5F54293F220600186EE7 /* Account Exception.swift */,
			);
			path = Accounts;
			sourceTree = "<group>";
		};
		CAAB5F61293FBA5700186EE7 /* Bank */ = {
			isa = PBXGroup;
			children = (
				CAAB5F5F293F5DAD00186EE7 /* Bank-Exception.swift */,
				CAAB5F5B293F2D3700186EE7 /* Bank-Schema.swift */,
				CAAB5F5D293F3CEA00186EE7 /* Bank-Model.swift */,
			);
			path = Bank;
			sourceTree = "<group>";
		};
/* End PBXGroup section */

/* Begin PBXNativeTarget section */
		CAAB5F40293F0DC900186EE7 /* arch-bank */ = {
			isa = PBXNativeTarget;
			buildConfigurationList = CAAB5F48293F0DC900186EE7 /* Build configuration list for PBXNativeTarget "arch-bank" */;
			buildPhases = (
				CAAB5F3D293F0DC900186EE7 /* Sources */,
				CAAB5F3E293F0DC900186EE7 /* Frameworks */,
				CAAB5F3F293F0DC900186EE7 /* CopyFiles */,
			);
			buildRules = (
			);
			dependencies = (
			);
			name = "arch-bank";
			productName = "arch-bank";
			productReference = CAAB5F41293F0DC900186EE7 /* arch-bank */;
			productType = "com.apple.product-type.tool";
		};
/* End PBXNativeTarget section */

/* Begin PBXProject section */
		CAAB5F39293F0DC900186EE7 /* Project object */ = {
			isa = PBXProject;
			attributes = {
				BuildIndependentTargetsInParallel = 1;
				LastSwiftUpdateCheck = 1410;
				LastUpgradeCheck = 1410;
				TargetAttributes = {
					CAAB5F40293F0DC900186EE7 = {
						CreatedOnToolsVersion = 14.1;
					};
				};
			};
			buildConfigurationList = CAAB5F3C293F0DC900186EE7 /* Build configuration list for PBXProject "arch-bank" */;
			compatibilityVersion = "Xcode 14.0";
			developmentRegion = en;
			hasScannedForEncodings = 0;
			knownRegions = (
				en,
				Base,
			);
			mainGroup = CAAB5F38293F0DC900186EE7;
			productRefGroup = CAAB5F42293F0DC900186EE7 /* Products */;
			projectDirPath = "";
			projectRoot = "";
			targets = (
				CAAB5F40293F0DC900186EE7 /* arch-bank */,
			);
		};
/* End PBXProject section */

/* Begin PBXSourcesBuildPhase section */
		CAAB5F3D293F0DC900186EE7 /* Sources */ = {
			isa = PBXSourcesBuildPhase;
			buildActionMask = 2147483647;
			files = (
				CAAB5F53293F20D800186EE7 /* Debit-Account.swift in Sources */,
				CAAB5F4C293F0DDB00186EE7 /* Client.swift in Sources */,
				CAAB5F4E293F175400186EE7 /* Client-Exception.swift in Sources */,
				CAAB5F50293F1A9D00186EE7 /* Account-Schema.swift in Sources */,
				CAAB5F5C293F2D3700186EE7 /* Bank-Schema.swift in Sources */,
				CAAB5F59293F2ABB00186EE7 /* Credit-Account.swift in Sources */,
				CAAB5F55293F220600186EE7 /* Account Exception.swift in Sources */,
				CAAB5F60293F5DAD00186EE7 /* Bank-Exception.swift in Sources */,
				CAAB5F57293F26BC00186EE7 /* Deposit-Account.swift in Sources */,
				CAAB5F5E293F3CEA00186EE7 /* Bank-Model.swift in Sources */,
				CAAB5F45293F0DC900186EE7 /* main.swift in Sources */,
			);
			runOnlyForDeploymentPostprocessing = 0;
		};
/* End PBXSourcesBuildPhase section */

/* Begin XCBuildConfiguration section */
		CAAB5F46293F0DC900186EE7 /* Debug */ = {
			isa = XCBuildConfiguration;
			buildSettings = {
				ALWAYS_SEARCH_USER_PATHS = NO;
				CLANG_ANALYZER_NONNULL = YES;
				CLANG_ANALYZER_NUMBER_OBJECT_CONVERSION = YES_AGGRESSIVE;
				CLANG_CXX_LANGUAGE_STANDARD = "gnu++20";
				CLANG_ENABLE_MODULES = YES;
				CLANG_ENABLE_OBJC_ARC = YES;
				CLANG_ENABLE_OBJC_WEAK = YES;
				CLANG_WARN_BLOCK_CAPTURE_AUTORELEASING = YES;
				CLANG_WARN_BOOL_CONVERSION = YES;
				CLANG_WARN_COMMA = YES;
				CLANG_WARN_CONSTANT_CONVERSION = YES;
				CLANG_WARN_DEPRECATED_OBJC_IMPLEMENTATIONS = YES;
				CLANG_WARN_DIRECT_OBJC_ISA_USAGE = YES_ERROR;
				CLANG_WARN_DOCUMENTATION_COMMENTS = YES;
				CLANG_WARN_EMPTY_BODY = YES;
				CLANG_WARN_ENUM_CONVERSION = YES;
				CLANG_WARN_INFINITE_RECURSION = YES;
				CLANG_WARN_INT_CONVERSION = YES;
				CLANG_WARN_NON_LITERAL_NULL_CONVERSION = YES;
				CLANG_WARN_OBJC_IMPLICIT_RETAIN_SELF = YES;
				CLANG_WARN_OBJC_LITERAL_CONVERSION = YES;
				CLANG_WARN_OBJC_ROOT_CLASS = YES_ERROR;
				CLANG_WARN_QUOTED_INCLUDE_IN_FRAMEWORK_HEADER = YES;
				CLANG_WARN_RANGE_LOOP_ANALYSIS = YES;
				CLANG_WARN_STRICT_PROTOTYPES = YES;
				CLANG_WARN_SUSPICIOUS_MOVE = YES;
				CLANG_WARN_UNGUARDED_AVAILABILITY = YES_AGGRESSIVE;
				CLANG_WARN_UNREACHABLE_CODE = YES;
				CLANG_WARN__DUPLICATE_METHOD_MATCH = YES;
				COPY_PHASE_STRIP = NO;
				DEBUG_INFORMATION_FORMAT = dwarf;
				ENABLE_STRICT_OBJC_MSGSEND = YES;
				ENABLE_TESTABILITY = YES;
				GCC_C_LANGUAGE_STANDARD = gnu11;
				GCC_DYNAMIC_NO_PIC = NO;
				GCC_NO_COMMON_BLOCKS = YES;
				GCC_OPTIMIZATION_LEVEL = 0;
				GCC_PREPROCESSOR_DEFINITIONS = (
					"DEBUG=1",
					"$(inherited)",
				);
				GCC_WARN_64_TO_32_BIT_CONVERSION = YES;
				GCC_WARN_ABOUT_RETURN_TYPE = YES_ERROR;
				GCC_WARN_UNDECLARED_SELECTOR = YES;
				GCC_WARN_UNINITIALIZED_AUTOS = YES_AGGRESSIVE;
				GCC_WARN_UNUSED_FUNCTION = YES;
				GCC_WARN_UNUSED_VARIABLE = YES;
				MACOSX_DEPLOYMENT_TARGET = 13.0;
				MTL_ENABLE_DEBUG_INFO = INCLUDE_SOURCE;
				MTL_FAST_MATH = YES;
				ONLY_ACTIVE_ARCH = YES;
				SDKROOT = macosx;
				SWIFT_ACTIVE_COMPILATION_CONDITIONS = DEBUG;
				SWIFT_OPTIMIZATION_LEVEL = "-Onone";
			};
			name = Debug;
		};
		CAAB5F47293F0DC900186EE7 /* Release */ = {
			isa = XCBuildConfiguration;
			buildSettings = {
				ALWAYS_SEARCH_USER_PATHS = NO;
				CLANG_ANALYZER_NONNULL = YES;
				CLANG_ANALYZER_NUMBER_OBJECT_CONVERSION = YES_AGGRESSIVE;
				CLANG_CXX_LANGUAGE_STANDARD = "gnu++20";
				CLANG_ENABLE_MODULES = YES;
				CLANG_ENABLE_OBJC_ARC = YES;
				CLANG_ENABLE_OBJC_WEAK = YES;
				CLANG_WARN_BLOCK_CAPTURE_AUTORELEASING = YES;
				CLANG_WARN_BOOL_CONVERSION = YES;
				CLANG_WARN_COMMA = YES;
				CLANG_WARN_CONSTANT_CONVERSION = YES;
				CLANG_WARN_DEPRECATED_OBJC_IMPLEMENTATIONS = YES;
				CLANG_WARN_DIRECT_OBJC_ISA_USAGE = YES_ERROR;
				CLANG_WARN_DOCUMENTATION_COMMENTS = YES;
				CLANG_WARN_EMPTY_BODY = YES;
				CLANG_WARN_ENUM_CONVERSION = YES;
				CLANG_WARN_INFINITE_RECURSION = YES;
				CLANG_WARN_INT_CONVERSION = YES;
				CLANG_WARN_NON_LITERAL_NULL_CONVERSION = YES;
				CLANG_WARN_OBJC_IMPLICIT_RETAIN_SELF = YES;
				CLANG_WARN_OBJC_LITERAL_CONVERSION = YES;
				CLANG_WARN_OBJC_ROOT_CLASS = YES_ERROR;
				CLANG_WARN_QUOTED_INCLUDE_IN_FRAMEWORK_HEADER = YES;
				CLANG_WARN_RANGE_LOOP_ANALYSIS = YES;
				CLANG_WARN_STRICT_PROTOTYPES = YES;
				CLANG_WARN_SUSPICIOUS_MOVE = YES;
				CLANG_WARN_UNGUARDED_AVAILABILITY = YES_AGGRESSIVE;
				CLANG_WARN_UNREACHABLE_CODE = YES;
				CLANG_WARN__DUPLICATE_METHOD_MATCH = YES;
				COPY_PHASE_STRIP = NO;
				DEBUG_INFORMATION_FORMAT = "dwarf-with-dsym";
				ENABLE_NS_ASSERTIONS = NO;
				ENABLE_STRICT_OBJC_MSGSEND = YES;
				GCC_C_LANGUAGE_STANDARD = gnu11;
				GCC_NO_COMMON_BLOCKS = YES;
				GCC_WARN_64_TO_32_BIT_CONVERSION = YES;
				GCC_WARN_ABOUT_RETURN_TYPE = YES_ERROR;
				GCC_WARN_UNDECLARED_SELECTOR = YES;
				GCC_WARN_UNINITIALIZED_AUTOS = YES_AGGRESSIVE;
				GCC_WARN_UNUSED_FUNCTION = YES;
				GCC_WARN_UNUSED_VARIABLE = YES;
				MACOSX_DEPLOYMENT_TARGET = 13.0;
				MTL_ENABLE_DEBUG_INFO = NO;
				MTL_FAST_MATH = YES;
				SDKROOT = macosx;
				SWIFT_COMPILATION_MODE = wholemodule;
				SWIFT_OPTIMIZATION_LEVEL = "-O";
			};
			name = Release;
		};
		CAAB5F49293F0DC900186EE7 /* Debug */ = {
			isa = XCBuildConfiguration;
			buildSettings = {
				CODE_SIGN_STYLE = Automatic;
				DEVELOPMENT_TEAM = 2AFG9UBT5A;
				ENABLE_HARDENED_RUNTIME = YES;
				PRODUCT_NAME = "$(TARGET_NAME)";
				SWIFT_VERSION = 5.0;
			};
			name = Debug;
		};
		CAAB5F4A293F0DC900186EE7 /* Release */ = {
			isa = XCBuildConfiguration;
			buildSettings = {
				CODE_SIGN_STYLE = Automatic;
				DEVELOPMENT_TEAM = 2AFG9UBT5A;
				ENABLE_HARDENED_RUNTIME = YES;
				PRODUCT_NAME = "$(TARGET_NAME)";
				SWIFT_VERSION = 5.0;
			};
			name = Release;
		};
/* End XCBuildConfiguration section */

/* Begin XCConfigurationList section */
		CAAB5F3C293F0DC900186EE7 /* Build configuration list for PBXProject "arch-bank" */ = {
			isa = XCConfigurationList;
			buildConfigurations = (
				CAAB5F46293F0DC900186EE7 /* Debug */,
				CAAB5F47293F0DC900186EE7 /* Release */,
			);
			defaultConfigurationIsVisible = 0;
			defaultConfigurationName = Release;
		};
		CAAB5F48293F0DC900186EE7 /* Build configuration list for PBXNativeTarget "arch-bank" */ = {
			isa = XCConfigurationList;
			buildConfigurations = (
				CAAB5F49293F0DC900186EE7 /* Debug */,
				CAAB5F4A293F0DC900186EE7 /* Release */,
			);
			defaultConfigurationIsVisible = 0;
			defaultConfigurationName = Release;
		};
/* End XCConfigurationList section */
	};
	rootObject = CAAB5F39293F0DC900186EE7 /* Project object */;
}
